
Microsoft Visual Studio Solution File, Format Version 12.00
# Visual Studio Version 16
VisualStudioVersion = 16.0.29926.136
MinimumVisualStudioVersion = 10.0.40219.1
Project("{8BC9CEB8-8B4A-11D0-8D11-00A0C91BC942}") = "BinTree", "BinTree.vcxproj", "{2EC8D851-10E2-4B3A-86C7-B0FC3EE4402E}"
EndProject
Global
	GlobalSection(SolutionConfigurationPlatforms) = preSolution
		Debug|x64 = Debug|x64
		Debug|x86 = Debug|x86
		Release|x64 = Release|x64
		Release|x86 = Release|x86
	EndGlobalSection
	GlobalSection(ProjectConfigurationPlatforms) = postSolution
		{2EC8D851-10E2-4B3A-86C7-B0FC3EE4402E}.Debug|x64.ActiveCfg = Debug|x64
		{2EC8D851-10E2-4B3A-86C7-B0FC3EE4402E}.Debug|x64.Build.0 = Debug|x64
		{2EC8D851-10E2-4B3A-86C7-B0FC3EE4402E}.Debug|x86.ActiveCfg = Debug|Win32
		{2EC8D851-10E2-4B3A-86C7-B0FC3EE4402E}.Debug|x86.Build.0 = Debug|Win32
		{2EC8D851-10E2-4B3A-86C7-B0FC3EE4402E}.Release|x64.ActiveCfg = Release|x64
		{2EC8D851-10E2-4B3A-86C7-B0FC3EE4402E}.Release|x64.Build.0 = Release|x64
		{2EC8D851-10E2-4B3A-86C7-B0FC3EE4402E}.Release|x86.ActiveCfg = Release|Win32
		{2EC8D851-10E2-4B3A-86C7-B0FC3EE4402E}.Release|x86.Build.0 = Release|Win32
	EndGlobalSection
	GlobalSection(SolutionProperties) = preSolution
		HideSolutionNode = FALSE
	EndGlobalSection
	GlobalSection(ExtensibilityGlobals) = postSolution
		SolutionGuid = {BAD15420-2101-4996-9F86-F5CBE1D7E790}
	EndGlobalSection
EndGlobal
